
Microsoft Visual Studio Solution File, Format Version 12.00
# Visual Studio Version 17
VisualStudioVersion = 17.0.31903.59
MinimumVisualStudioVersion = 10.0.40219.1
Project("{FAE04EC0-301F-11D3-BF4B-00C04F79EFBC}") = "Taskolith.API", "Taskolith.API\Taskolith.API.csproj", "{9AC9348F-C2B5-44D6-9A90-2A383271CDD8}"
EndProject
Project("{FAE04EC0-301F-11D3-BF4B-00C04F79EFBC}") = "Taskolith.API.UnitTests", "Taskolith.API.UnitTests\Taskolith.API.UnitTests.csproj", "{0DE81F4B-181A-4933-A297-184F74312BF4}"
EndProject
Project("{FAE04EC0-301F-11D3-BF4B-00C04F79EFBC}") = "Taskolith.API.IntegrationTests", "Taskolith.API.IntegrationTests\Taskolith.API.IntegrationTests.csproj", "{751B8E50-BA6E-4EB6-8665-D656E2EB85FB}"
EndProject
Global
	GlobalSection(SolutionConfigurationPlatforms) = preSolution
		Debug|Any CPU = Debug|Any CPU
		Debug|x64 = Debug|x64
		Debug|x86 = Debug|x86
		Release|Any CPU = Release|Any CPU
		Release|x64 = Release|x64
		Release|x86 = Release|x86
	EndGlobalSection
	GlobalSection(ProjectConfigurationPlatforms) = postSolution
		{9AC9348F-C2B5-44D6-9A90-2A383271CDD8}.Debug|Any CPU.ActiveCfg = Debug|Any CPU
		{9AC9348F-C2B5-44D6-9A90-2A383271CDD8}.Debug|Any CPU.Build.0 = Debug|Any CPU
		{9AC9348F-C2B5-44D6-9A90-2A383271CDD8}.Debug|x64.ActiveCfg = Debug|Any CPU
		{9AC9348F-C2B5-44D6-9A90-2A383271CDD8}.Debug|x64.Build.0 = Debug|Any CPU
		{9AC9348F-C2B5-44D6-9A90-2A383271CDD8}.Debug|x86.ActiveCfg = Debug|Any CPU
		{9AC9348F-C2B5-44D6-9A90-2A383271CDD8}.Debug|x86.Build.0 = Debug|Any CPU
		{9AC9348F-C2B5-44D6-9A90-2A383271CDD8}.Release|Any CPU.ActiveCfg = Release|Any CPU
		{9AC9348F-C2B5-44D6-9A90-2A383271CDD8}.Release|Any CPU.Build.0 = Release|Any CPU
		{9AC9348F-C2B5-44D6-9A90-2A383271CDD8}.Release|x64.ActiveCfg = Release|Any CPU
		{9AC9348F-C2B5-44D6-9A90-2A383271CDD8}.Release|x64.Build.0 = Release|Any CPU
		{9AC9348F-C2B5-44D6-9A90-2A383271CDD8}.Release|x86.ActiveCfg = Release|Any CPU
		{9AC9348F-C2B5-44D6-9A90-2A383271CDD8}.Release|x86.Build.0 = Release|Any CPU
		{0DE81F4B-181A-4933-A297-184F74312BF4}.Debug|Any CPU.ActiveCfg = Debug|Any CPU
		{0DE81F4B-181A-4933-A297-184F74312BF4}.Debug|Any CPU.Build.0 = Debug|Any CPU
		{0DE81F4B-181A-4933-A297-184F74312BF4}.Debug|x64.ActiveCfg = Debug|Any CPU
		{0DE81F4B-181A-4933-A297-184F74312BF4}.Debug|x64.Build.0 = Debug|Any CPU
		{0DE81F4B-181A-4933-A297-184F74312BF4}.Debug|x86.ActiveCfg = Debug|Any CPU
		{0DE81F4B-181A-4933-A297-184F74312BF4}.Debug|x86.Build.0 = Debug|Any CPU
		{0DE81F4B-181A-4933-A297-184F74312BF4}.Release|Any CPU.ActiveCfg = Release|Any CPU
		{0DE81F4B-181A-4933-A297-184F74312BF4}.Release|Any CPU.Build.0 = Release|Any CPU
		{0DE81F4B-181A-4933-A297-184F74312BF4}.Release|x64.ActiveCfg = Release|Any CPU
		{0DE81F4B-181A-4933-A297-184F74312BF4}.Release|x64.Build.0 = Release|Any CPU
		{0DE81F4B-181A-4933-A297-184F74312BF4}.Release|x86.ActiveCfg = Release|Any CPU
		{0DE81F4B-181A-4933-A297-184F74312BF4}.Release|x86.Build.0 = Release|Any CPU
		{751B8E50-BA6E-4EB6-8665-D656E2EB85FB}.Debug|Any CPU.ActiveCfg = Debug|Any CPU
		{751B8E50-BA6E-4EB6-8665-D656E2EB85FB}.Debug|Any CPU.Build.0 = Debug|Any CPU
		{751B8E50-BA6E-4EB6-8665-D656E2EB85FB}.Debug|x64.ActiveCfg = Debug|Any CPU
		{751B8E50-BA6E-4EB6-8665-D656E2EB85FB}.Debug|x64.Build.0 = Debug|Any CPU
		{751B8E50-BA6E-4EB6-8665-D656E2EB85FB}.Debug|x86.ActiveCfg = Debug|Any CPU
		{751B8E50-BA6E-4EB6-8665-D656E2EB85FB}.Debug|x86.Build.0 = Debug|Any CPU
		{751B8E50-BA6E-4EB6-8665-D656E2EB85FB}.Release|Any CPU.ActiveCfg = Release|Any CPU
		{751B8E50-BA6E-4EB6-8665-D656E2EB85FB}.Release|Any CPU.Build.0 = Release|Any CPU
		{751B8E50-BA6E-4EB6-8665-D656E2EB85FB}.Release|x64.ActiveCfg = Release|Any CPU
		{751B8E50-BA6E-4EB6-8665-D656E2EB85FB}.Release|x64.Build.0 = Release|Any CPU
		{751B8E50-BA6E-4EB6-8665-D656E2EB85FB}.Release|x86.ActiveCfg = Release|Any CPU
		{751B8E50-BA6E-4EB6-8665-D656E2EB85FB}.Release|x86.Build.0 = Release|Any CPU
	EndGlobalSection
	GlobalSection(SolutionProperties) = preSolution
		HideSolutionNode = FALSE
	EndGlobalSection
EndGlobal
